Microsoft Visual Studio Solution File, Format Version 12.00
# Visual Studio 15
VisualStudioVersion = 15.0.27703.2000
MinimumVisualStudioVersion = 10.0.40219.1
Project("{2150E333-8FDC-42A3-9474-1A3956D46DE8}") = "Solution Items", "Solution Items", "{94FA71DA-CB68-45F2-9393-4F1B2F0435D6}"
	ProjectSection(SolutionItems) = preProject
		.gitattributes = .gitattributes
		.gitignore = .gitignore
		default.runsettings = default.runsettings
		readme.md = readme.md
	EndProjectSection
EndProject
Project("{FAE04EC0-301F-11D3-BF4B-00C04F79EFBC}") = "Prod-1", "Prod-1\Prod-1.csproj", "{2BAB5684-C7DD-4158-AB6F-FCC48CF00E22}"
EndProject
Project("{FAE04EC0-301F-11D3-BF4B-00C04F79EFBC}") = "Prod-2-special", "Prod-2-special\Prod-2-special.csproj", "{BE23446C-D1E3-4898-A5BB-4BDF80B01000}"
EndProject
Project("{FAE04EC0-301F-11D3-BF4B-00C04F79EFBC}") = "Test-1", "Test-1\Test-1.csproj", "{CE30E423-3CCA-4A73-87C6-3A72A32D18D6}"
EndProject
Project("{FAE04EC0-301F-11D3-BF4B-00C04F79EFBC}") = "Test-2-Special", "Test-2-Special\Test-2-Special.csproj", "{C8DE8F8F-C4DB-465A-8E86-41571809428B}"
EndProject
Project("{FAE04EC0-301F-11D3-BF4B-00C04F79EFBC}") = "Test-2-Special-2", "Test-2-Special-2\Test-2-Special-2.csproj", "{C41DBD0E-426D-42B9-A29D-ED397BA32875}"
EndProject
Global
	GlobalSection(SolutionConfigurationPlatforms) = preSolution
		Debug|Any CPU = Debug|Any CPU
		Release|Any CPU = Release|Any CPU
	EndGlobalSection
	GlobalSection(ProjectConfigurationPlatforms) = postSolution
		{2BAB5684-C7DD-4158-AB6F-FCC48CF00E22}.Debug|Any CPU.ActiveCfg = Debug|Any CPU
		{2BAB5684-C7DD-4158-AB6F-FCC48CF00E22}.Debug|Any CPU.Build.0 = Debug|Any CPU
		{2BAB5684-C7DD-4158-AB6F-FCC48CF00E22}.Release|Any CPU.ActiveCfg = Release|Any CPU
		{2BAB5684-C7DD-4158-AB6F-FCC48CF00E22}.Release|Any CPU.Build.0 = Release|Any CPU
		{BE23446C-D1E3-4898-A5BB-4BDF80B01000}.Debug|Any CPU.ActiveCfg = Debug|Any CPU
		{BE23446C-D1E3-4898-A5BB-4BDF80B01000}.Debug|Any CPU.Build.0 = Debug|Any CPU
		{BE23446C-D1E3-4898-A5BB-4BDF80B01000}.Release|Any CPU.ActiveCfg = Release|Any CPU
		{BE23446C-D1E3-4898-A5BB-4BDF80B01000}.Release|Any CPU.Build.0 = Release|Any CPU
		{CE30E423-3CCA-4A73-87C6-3A72A32D18D6}.Debug|Any CPU.ActiveCfg = Debug|Any CPU
		{CE30E423-3CCA-4A73-87C6-3A72A32D18D6}.Debug|Any CPU.Build.0 = Debug|Any CPU
		{CE30E423-3CCA-4A73-87C6-3A72A32D18D6}.Release|Any CPU.ActiveCfg = Release|Any CPU
		{CE30E423-3CCA-4A73-87C6-3A72A32D18D6}.Release|Any CPU.Build.0 = Release|Any CPU
		{C8DE8F8F-C4DB-465A-8E86-41571809428B}.Debug|Any CPU.ActiveCfg = Debug|Any CPU
		{C8DE8F8F-C4DB-465A-8E86-41571809428B}.Debug|Any CPU.Build.0 = Debug|Any CPU
		{C8DE8F8F-C4DB-465A-8E86-41571809428B}.Release|Any CPU.ActiveCfg = Release|Any CPU
		{C8DE8F8F-C4DB-465A-8E86-41571809428B}.Release|Any CPU.Build.0 = Release|Any CPU
		{C41DBD0E-426D-42B9-A29D-ED397BA32875}.Debug|Any CPU.ActiveCfg = Debug|Any CPU
		{C41DBD0E-426D-42B9-A29D-ED397BA32875}.Debug|Any CPU.Build.0 = Debug|Any CPU
		{C41DBD0E-426D-42B9-A29D-ED397BA32875}.Release|Any CPU.ActiveCfg = Release|Any CPU
		{C41DBD0E-426D-42B9-A29D-ED397BA32875}.Release|Any CPU.Build.0 = Release|Any CPU
	EndGlobalSection
	GlobalSection(SolutionProperties) = preSolution
		HideSolutionNode = FALSE
	EndGlobalSection
	GlobalSection(ExtensibilityGlobals) = postSolution
		SolutionGuid = {09634CC2-3611-427B-9B19-946BDBB2269A}
	EndGlobalSection
EndGlobal
